
Microsoft Visual Studio Solution File, Format Version 12.00
# Visual Studio 14
VisualStudioVersion = 14.0.24720.0
MinimumVisualStudioVersion = 10.0.40219.1
Project("{FAE04EC0-301F-11D3-BF4B-00C04F79EFBC}") = "ArraysLab", "ArraysLab.csproj", "{8A3071D0-F0CC-43FA-A1A8-F298B48055AB}"
EndProject
Global
	GlobalSection(SolutionConfigurationPlatforms) = preSolution
		Debug|Any CPU = Debug|Any CPU
		Release|Any CPU = Release|Any CPU
	EndGlobalSection
	GlobalSection(ProjectConfigurationPlatforms) = postSolution
		{8A3071D0-F0CC-43FA-A1A8-F298B48055AB}.Debug|Any CPU.ActiveCfg = Debug|Any CPU
		{8A3071D0-F0CC-43FA-A1A8-F298B48055AB}.Debug|Any CPU.Build.0 = Debug|Any CPU
		{8A3071D0-F0CC-43FA-A1A8-F298B48055AB}.Release|Any CPU.ActiveCfg = Release|Any CPU
		{8A3071D0-F0CC-43FA-A1A8-F298B48055AB}.Release|Any CPU.Build.0 = Release|Any CPU
	EndGlobalSection
	GlobalSection(SolutionProperties) = preSolution
		HideSolutionNode = FALSE
	EndGlobalSection
EndGlobal
